
Microsoft Visual Studio Solution File, Format Version 12.00
# Visual Studio 14
VisualStudioVersion = 14.0.25123.0
MinimumVisualStudioVersion = 10.0.40219.1
Project("{FAE04EC0-301F-11D3-BF4B-00C04F79EFBC}") = "01.1ToN", "01.1ToN\01.1ToN.csproj", "{C875A769-FF46-4F82-921B-8C0E3E48F18F}"
EndProject
Project("{FAE04EC0-301F-11D3-BF4B-00C04F79EFBC}") = "02.NotDivisibleNumbers", "02.NotDivisibleNumbers\02.NotDivisibleNumbers.csproj", "{B2809B60-E7C8-4254-A52E-3ED39CC9FEA8}"
EndProject
Project("{FAE04EC0-301F-11D3-BF4B-00C04F79EFBC}") = "03.MMSA", "03.MMSA\03.MMSA.csproj", "{AF70564E-236A-47F4-A1C6-9024F4632410}"
EndProject
Project("{FAE04EC0-301F-11D3-BF4B-00C04F79EFBC}") = "04.PrintADeck", "04.PrintADeck\04.PrintADeck.csproj", "{96A4EB14-D23B-4E70-A740-1BDDCA8046C2}"
EndProject
Project("{FAE04EC0-301F-11D3-BF4B-00C04F79EFBC}") = "05.Calculate", "05.Calculate\05.Calculate.csproj", "{EBB8FB0B-9FA1-43BC-B2D7-9F3D2B12CAA0}"
EndProject
Project("{FAE04EC0-301F-11D3-BF4B-00C04F79EFBC}") = "06.CalculateAgain", "06.CalculateAgain\06.CalculateAgain.csproj", "{EAC607AA-3989-4255-9013-F1BC0C56CD1F}"
EndProject
Global
	GlobalSection(SolutionConfigurationPlatforms) = preSolution
		Debug|Any CPU = Debug|Any CPU
		Release|Any CPU = Release|Any CPU
	EndGlobalSection
	GlobalSection(ProjectConfigurationPlatforms) = postSolution
		{C875A769-FF46-4F82-921B-8C0E3E48F18F}.Debug|Any CPU.ActiveCfg = Debug|Any CPU
		{C875A769-FF46-4F82-921B-8C0E3E48F18F}.Debug|Any CPU.Build.0 = Debug|Any CPU
		{C875A769-FF46-4F82-921B-8C0E3E48F18F}.Release|Any CPU.ActiveCfg = Release|Any CPU
		{C875A769-FF46-4F82-921B-8C0E3E48F18F}.Release|Any CPU.Build.0 = Release|Any CPU
		{B2809B60-E7C8-4254-A52E-3ED39CC9FEA8}.Debug|Any CPU.ActiveCfg = Debug|Any CPU
		{B2809B60-E7C8-4254-A52E-3ED39CC9FEA8}.Debug|Any CPU.Build.0 = Debug|Any CPU
		{B2809B60-E7C8-4254-A52E-3ED39CC9FEA8}.Release|Any CPU.ActiveCfg = Release|Any CPU
		{B2809B60-E7C8-4254-A52E-3ED39CC9FEA8}.Release|Any CPU.Build.0 = Release|Any CPU
		{AF70564E-236A-47F4-A1C6-9024F4632410}.Debug|Any CPU.ActiveCfg = Debug|Any CPU
		{AF70564E-236A-47F4-A1C6-9024F4632410}.Debug|Any CPU.Build.0 = Debug|Any CPU
		{AF70564E-236A-47F4-A1C6-9024F4632410}.Release|Any CPU.ActiveCfg = Release|Any CPU
		{AF70564E-236A-47F4-A1C6-9024F4632410}.Release|Any CPU.Build.0 = Release|Any CPU
		{96A4EB14-D23B-4E70-A740-1BDDCA8046C2}.Debug|Any CPU.ActiveCfg = Debug|Any CPU
		{96A4EB14-D23B-4E70-A740-1BDDCA8046C2}.Debug|Any CPU.Build.0 = Debug|Any CPU
		{96A4EB14-D23B-4E70-A740-1BDDCA8046C2}.Release|Any CPU.ActiveCfg = Release|Any CPU
		{96A4EB14-D23B-4E70-A740-1BDDCA8046C2}.Release|Any CPU.Build.0 = Release|Any CPU
		{EBB8FB0B-9FA1-43BC-B2D7-9F3D2B12CAA0}.Debug|Any CPU.ActiveCfg = Debug|Any CPU
		{EBB8FB0B-9FA1-43BC-B2D7-9F3D2B12CAA0}.Debug|Any CPU.Build.0 = Debug|Any CPU
		{EBB8FB0B-9FA1-43BC-B2D7-9F3D2B12CAA0}.Release|Any CPU.ActiveCfg = Release|Any CPU
		{EBB8FB0B-9FA1-43BC-B2D7-9F3D2B12CAA0}.Release|Any CPU.Build.0 = Release|Any CPU
		{EAC607AA-3989-4255-9013-F1BC0C56CD1F}.Debug|Any CPU.ActiveCfg = Debug|Any CPU
		{EAC607AA-3989-4255-9013-F1BC0C56CD1F}.Debug|Any CPU.Build.0 = Debug|Any CPU
		{EAC607AA-3989-4255-9013-F1BC0C56CD1F}.Release|Any CPU.ActiveCfg = Release|Any CPU
		{EAC607AA-3989-4255-9013-F1BC0C56CD1F}.Release|Any CPU.Build.0 = Release|Any CPU
	EndGlobalSection
	GlobalSection(SolutionProperties) = preSolution
		HideSolutionNode = FALSE
	EndGlobalSection
EndGlobal
