
Microsoft Visual Studio Solution File, Format Version 12.00
# Visual Studio 14
VisualStudioVersion = 14.0.25123.0
MinimumVisualStudioVersion = 10.0.40219.1
Project("{FAE04EC0-301F-11D3-BF4B-00C04F79EFBC}") = "01.OddOrEven", "01.OddOrEven\01.OddOrEven.csproj", "{54FE2D50-174B-42B2-A448-E205B8F05F45}"
EndProject
Project("{FAE04EC0-301F-11D3-BF4B-00C04F79EFBC}") = "02.MoonGravity", "02.MoonGravity\02.MoonGravity.csproj", "{7A1E6F1A-E8F1-49D4-ACE2-B3DFD586EFCA}"
EndProject
Project("{FAE04EC0-301F-11D3-BF4B-00C04F79EFBC}") = "03.DivideBy7And5", "03.DivideBy7And5\03.DivideBy7And5.csproj", "{CEF4BBAB-0518-4D60-B24D-5F4BE986E04F}"
EndProject
Project("{FAE04EC0-301F-11D3-BF4B-00C04F79EFBC}") = "04.Rectangles", "04.Rectangles\04.Rectangles.csproj", "{5AD19B4C-4568-49AF-BA70-B693F6A0DC60}"
EndProject
Project("{FAE04EC0-301F-11D3-BF4B-00C04F79EFBC}") = "05.ThirdDigit", "05.ThirdDigit\05.ThirdDigit.csproj", "{AE7BEC41-FE3D-4346-9A15-5CCAB191CBCD}"
EndProject
Project("{FAE04EC0-301F-11D3-BF4B-00C04F79EFBC}") = "06.FourDigits", "06.FourDigits\06.FourDigits.csproj", "{FAD972C6-1F1B-4321-A0B6-520D0890069D}"
EndProject
Project("{FAE04EC0-301F-11D3-BF4B-00C04F79EFBC}") = "07.PointInCircle", "07.PointInCircle\07.PointInCircle.csproj", "{0A8699F4-4C9F-4779-9433-1372571F66B1}"
EndProject
Project("{FAE04EC0-301F-11D3-BF4B-00C04F79EFBC}") = "08.PrimeCheck", "08.PrimeCheck\08.PrimeCheck.csproj", "{A75D2521-5EF6-4FC3-91F0-6F2F3887EEA9}"
EndProject
Project("{FAE04EC0-301F-11D3-BF4B-00C04F79EFBC}") = "09.Trapezoids", "09.Trapezoids\09.Trapezoids.csproj", "{1201A5FD-F03E-4B5F-91E6-24CA47D64D07}"
EndProject
Project("{FAE04EC0-301F-11D3-BF4B-00C04F79EFBC}") = "10.PointCircleRectangle", "10.PointCircleRectangle\10.PointCircleRectangle.csproj", "{9DEA2039-68ED-48F1-A86A-0E5078F16855}"
EndProject
Project("{FAE04EC0-301F-11D3-BF4B-00C04F79EFBC}") = "11.ThirdBit", "11.ThirdBit\11.ThirdBit.csproj", "{C8F9A59B-426D-495D-8A6D-7BE81A76E42A}"
EndProject
Project("{FAE04EC0-301F-11D3-BF4B-00C04F79EFBC}") = "12.nthBit", "11.nthBit\12.nthBit.csproj", "{D0A02047-546F-442E-A285-3BD41D77A79E}"
EndProject
Project("{FAE04EC0-301F-11D3-BF4B-00C04F79EFBC}") = "13.ModifyBit", "13.ModifyBit\13.ModifyBit.csproj", "{3FFDE505-BC7C-4623-9FAB-EE51DB8F740D}"
EndProject
Global
	GlobalSection(SolutionConfigurationPlatforms) = preSolution
		Debug|Any CPU = Debug|Any CPU
		Release|Any CPU = Release|Any CPU
	EndGlobalSection
	GlobalSection(ProjectConfigurationPlatforms) = postSolution
		{54FE2D50-174B-42B2-A448-E205B8F05F45}.Debug|Any CPU.ActiveCfg = Debug|Any CPU
		{54FE2D50-174B-42B2-A448-E205B8F05F45}.Debug|Any CPU.Build.0 = Debug|Any CPU
		{54FE2D50-174B-42B2-A448-E205B8F05F45}.Release|Any CPU.ActiveCfg = Release|Any CPU
		{54FE2D50-174B-42B2-A448-E205B8F05F45}.Release|Any CPU.Build.0 = Release|Any CPU
		{7A1E6F1A-E8F1-49D4-ACE2-B3DFD586EFCA}.Debug|Any CPU.ActiveCfg = Debug|Any CPU
		{7A1E6F1A-E8F1-49D4-ACE2-B3DFD586EFCA}.Debug|Any CPU.Build.0 = Debug|Any CPU
		{7A1E6F1A-E8F1-49D4-ACE2-B3DFD586EFCA}.Release|Any CPU.ActiveCfg = Release|Any CPU
		{7A1E6F1A-E8F1-49D4-ACE2-B3DFD586EFCA}.Release|Any CPU.Build.0 = Release|Any CPU
		{CEF4BBAB-0518-4D60-B24D-5F4BE986E04F}.Debug|Any CPU.ActiveCfg = Debug|Any CPU
		{CEF4BBAB-0518-4D60-B24D-5F4BE986E04F}.Debug|Any CPU.Build.0 = Debug|Any CPU
		{CEF4BBAB-0518-4D60-B24D-5F4BE986E04F}.Release|Any CPU.ActiveCfg = Release|Any CPU
		{CEF4BBAB-0518-4D60-B24D-5F4BE986E04F}.Release|Any CPU.Build.0 = Release|Any CPU
		{5AD19B4C-4568-49AF-BA70-B693F6A0DC60}.Debug|Any CPU.ActiveCfg = Debug|Any CPU
		{5AD19B4C-4568-49AF-BA70-B693F6A0DC60}.Debug|Any CPU.Build.0 = Debug|Any CPU
		{5AD19B4C-4568-49AF-BA70-B693F6A0DC60}.Release|Any CPU.ActiveCfg = Release|Any CPU
		{5AD19B4C-4568-49AF-BA70-B693F6A0DC60}.Release|Any CPU.Build.0 = Release|Any CPU
		{AE7BEC41-FE3D-4346-9A15-5CCAB191CBCD}.Debug|Any CPU.ActiveCfg = Debug|Any CPU
		{AE7BEC41-FE3D-4346-9A15-5CCAB191CBCD}.Debug|Any CPU.Build.0 = Debug|Any CPU
		{AE7BEC41-FE3D-4346-9A15-5CCAB191CBCD}.Release|Any CPU.ActiveCfg = Release|Any CPU
		{AE7BEC41-FE3D-4346-9A15-5CCAB191CBCD}.Release|Any CPU.Build.0 = Release|Any CPU
		{FAD972C6-1F1B-4321-A0B6-520D0890069D}.Debug|Any CPU.ActiveCfg = Debug|Any CPU
		{FAD972C6-1F1B-4321-A0B6-520D0890069D}.Debug|Any CPU.Build.0 = Debug|Any CPU
		{FAD972C6-1F1B-4321-A0B6-520D0890069D}.Release|Any CPU.ActiveCfg = Release|Any CPU
		{FAD972C6-1F1B-4321-A0B6-520D0890069D}.Release|Any CPU.Build.0 = Release|Any CPU
		{0A8699F4-4C9F-4779-9433-1372571F66B1}.Debug|Any CPU.ActiveCfg = Debug|Any CPU
		{0A8699F4-4C9F-4779-9433-1372571F66B1}.Debug|Any CPU.Build.0 = Debug|Any CPU
		{0A8699F4-4C9F-4779-9433-1372571F66B1}.Release|Any CPU.ActiveCfg = Release|Any CPU
		{0A8699F4-4C9F-4779-9433-1372571F66B1}.Release|Any CPU.Build.0 = Release|Any CPU
		{A75D2521-5EF6-4FC3-91F0-6F2F3887EEA9}.Debug|Any CPU.ActiveCfg = Debug|Any CPU
		{A75D2521-5EF6-4FC3-91F0-6F2F3887EEA9}.Debug|Any CPU.Build.0 = Debug|Any CPU
		{A75D2521-5EF6-4FC3-91F0-6F2F3887EEA9}.Release|Any CPU.ActiveCfg = Release|Any CPU
		{A75D2521-5EF6-4FC3-91F0-6F2F3887EEA9}.Release|Any CPU.Build.0 = Release|Any CPU
		{1201A5FD-F03E-4B5F-91E6-24CA47D64D07}.Debug|Any CPU.ActiveCfg = Debug|Any CPU
		{1201A5FD-F03E-4B5F-91E6-24CA47D64D07}.Debug|Any CPU.Build.0 = Debug|Any CPU
		{1201A5FD-F03E-4B5F-91E6-24CA47D64D07}.Release|Any CPU.ActiveCfg = Release|Any CPU
		{1201A5FD-F03E-4B5F-91E6-24CA47D64D07}.Release|Any CPU.Build.0 = Release|Any CPU
		{9DEA2039-68ED-48F1-A86A-0E5078F16855}.Debug|Any CPU.ActiveCfg = Debug|Any CPU
		{9DEA2039-68ED-48F1-A86A-0E5078F16855}.Debug|Any CPU.Build.0 = Debug|Any CPU
		{9DEA2039-68ED-48F1-A86A-0E5078F16855}.Release|Any CPU.ActiveCfg = Release|Any CPU
		{9DEA2039-68ED-48F1-A86A-0E5078F16855}.Release|Any CPU.Build.0 = Release|Any CPU
		{C8F9A59B-426D-495D-8A6D-7BE81A76E42A}.Debug|Any CPU.ActiveCfg = Debug|Any CPU
		{C8F9A59B-426D-495D-8A6D-7BE81A76E42A}.Debug|Any CPU.Build.0 = Debug|Any CPU
		{C8F9A59B-426D-495D-8A6D-7BE81A76E42A}.Release|Any CPU.ActiveCfg = Release|Any CPU
		{C8F9A59B-426D-495D-8A6D-7BE81A76E42A}.Release|Any CPU.Build.0 = Release|Any CPU
		{D0A02047-546F-442E-A285-3BD41D77A79E}.Debug|Any CPU.ActiveCfg = Debug|Any CPU
		{D0A02047-546F-442E-A285-3BD41D77A79E}.Debug|Any CPU.Build.0 = Debug|Any CPU
		{D0A02047-546F-442E-A285-3BD41D77A79E}.Release|Any CPU.ActiveCfg = Release|Any CPU
		{D0A02047-546F-442E-A285-3BD41D77A79E}.Release|Any CPU.Build.0 = Release|Any CPU
		{3FFDE505-BC7C-4623-9FAB-EE51DB8F740D}.Debug|Any CPU.ActiveCfg = Debug|Any CPU
		{3FFDE505-BC7C-4623-9FAB-EE51DB8F740D}.Debug|Any CPU.Build.0 = Debug|Any CPU
		{3FFDE505-BC7C-4623-9FAB-EE51DB8F740D}.Release|Any CPU.ActiveCfg = Release|Any CPU
		{3FFDE505-BC7C-4623-9FAB-EE51DB8F740D}.Release|Any CPU.Build.0 = Release|Any CPU
	EndGlobalSection
	GlobalSection(SolutionProperties) = preSolution
		HideSolutionNode = FALSE
	EndGlobalSection
EndGlobal
